// !$*UTF8*$!
{
	archiveVersion = 1;
	classes = {
	};
	objectVersion = 48;
	objects = {

/* Begin PBXBuildFile section */
		21FFF4F40C116CB886F2265C /* Pods_TV_TIMe.framework in Frameworks */ = {isa = PBXBuildFile; fileRef = DE0FC8AA30620B99A3F0B2D1 /* Pods_TV_TIMe.framework */; };
		825194BA2044F7C800B818F4 /* AppDelegate.swift in Sources */ = {isa = PBXBuildFile; fileRef = 825194B92044F7C800B818F4 /* AppDelegate.swift */; };
		825194BC2044F7C800B818F4 /* ViewController.swift in Sources */ = {isa = PBXBuildFile; fileRef = 825194BB2044F7C800B818F4 /* ViewController.swift */; };
		825194BF2044F7C800B818F4 /* Main.storyboard in Resources */ = {isa = PBXBuildFile; fileRef = 825194BD2044F7C800B818F4 /* Main.storyboard */; };
		825194C22044F7C800B818F4 /* TV_TIMe.xcdatamodeld in Sources */ = {isa = PBXBuildFile; fileRef = 825194C02044F7C800B818F4 /* TV_TIMe.xcdatamodeld */; };
		825194C42044F7C800B818F4 /* Assets.xcassets in Resources */ = {isa = PBXBuildFile; fileRef = 825194C32044F7C800B818F4 /* Assets.xcassets */; };
		825194C72044F7C800B818F4 /* LaunchScreen.storyboard in Resources */ = {isa = PBXBuildFile; fileRef = 825194C52044F7C800B818F4 /* LaunchScreen.storyboard */; };
		825194CF2044F7F200B818F4 /* TVShow.swift in Sources */ = {isa = PBXBuildFile; fileRef = 825194CE2044F7F200B818F4 /* TVShow.swift */; };
		82824BE22059DAA4001330C7 /* SearchResultsVC.swift in Sources */ = {isa = PBXBuildFile; fileRef = 82824BE12059DAA4001330C7 /* SearchResultsVC.swift */; };
		82824BE4205C6F36001330C7 /* DetailViewVC.swift in Sources */ = {isa = PBXBuildFile; fileRef = 82824BE3205C6F36001330C7 /* DetailViewVC.swift */; };
		82824BE6206D8CC0001330C7 /* cosSim.swift in Sources */ = {isa = PBXBuildFile; fileRef = 82824BE5206D8CC0001330C7 /* cosSim.swift */; };
		82BFBE17207C35D600CEE443 /* String+Regex.swift in Sources */ = {isa = PBXBuildFile; fileRef = 82BFBE16207C35D600CEE443 /* String+Regex.swift */; };
		82BFBE19207C50B500CEE443 /* Constants.swift in Sources */ = {isa = PBXBuildFile; fileRef = 82BFBE18207C50B500CEE443 /* Constants.swift */; };
/* End PBXBuildFile section */

/* Begin PBXFileReference section */
		0C18C234C77255DE9A376232 /* Pods-TV TIMe.release.xcconfig */ = {isa = PBXFileReference; includeInIndex = 1; lastKnownFileType = text.xcconfig; name = "Pods-TV TIMe.release.xcconfig"; path = "Pods/Target Support Files/Pods-TV TIMe/Pods-TV TIMe.release.xcconfig"; sourceTree = "<group>"; };
		612A3CCEA0C2692EAF14FCBE /* Pods-TV TIMe.debug.xcconfig */ = {isa = PBXFileReference; includeInIndex = 1; lastKnownFileType = text.xcconfig; name = "Pods-TV TIMe.debug.xcconfig"; path = "Pods/Target Support Files/Pods-TV TIMe/Pods-TV TIMe.debug.xcconfig"; sourceTree = "<group>"; };
		825194B62044F7C800B818F4 /* TV TIMe.app */ = {isa = PBXFileReference; explicitFileType = wrapper.application; includeInIndex = 0; path = "TV TIMe.app"; sourceTree = BUILT_PRODUCTS_DIR; };
		825194B92044F7C800B818F4 /* AppDelegate.swift */ = {isa = PBXFileReference; lastKnownFileType = sourcecode.swift; path = AppDelegate.swift; sourceTree = "<group>"; };
		825194BB2044F7C800B818F4 /* ViewController.swift */ = {isa = PBXFileReference; lastKnownFileType = sourcecode.swift; path = ViewController.swift; sourceTree = "<group>"; };
		825194BE2044F7C800B818F4 /* Base */ = {isa = PBXFileReference; lastKnownFileType = file.storyboard; name = Base; path = Base.lproj/Main.storyboard; sourceTree = "<group>"; };
		825194C12044F7C800B818F4 /* TV_TIMe.xcdatamodel */ = {isa = PBXFileReference; lastKnownFileType = wrapper.xcdatamodel; path = TV_TIMe.xcdatamodel; sourceTree = "<group>"; };
		825194C32044F7C800B818F4 /* Assets.xcassets */ = {isa = PBXFileReference; lastKnownFileType = folder.assetcatalog; path = Assets.xcassets; sourceTree = "<group>"; };
		825194C62044F7C800B818F4 /* Base */ = {isa = PBXFileReference; lastKnownFileType = file.storyboard; name = Base; path = Base.lproj/LaunchScreen.storyboard; sourceTree = "<group>"; };
		825194C82044F7C800B818F4 /* Info.plist */ = {isa = PBXFileReference; lastKnownFileType = text.plist.xml; path = Info.plist; sourceTree = "<group>"; };
		825194CE2044F7F200B818F4 /* TVShow.swift */ = {isa = PBXFileReference; lastKnownFileType = sourcecode.swift; path = TVShow.swift; sourceTree = "<group>"; };
		82824BE12059DAA4001330C7 /* SearchResultsVC.swift */ = {isa = PBXFileReference; lastKnownFileType = sourcecode.swift; path = SearchResultsVC.swift; sourceTree = "<group>"; };
		82824BE3205C6F36001330C7 /* DetailViewVC.swift */ = {isa = PBXFileReference; lastKnownFileType = sourcecode.swift; path = DetailViewVC.swift; sourceTree = "<group>"; };
		82824BE5206D8CC0001330C7 /* cosSim.swift */ = {isa = PBXFileReference; lastKnownFileType = sourcecode.swift; path = cosSim.swift; sourceTree = "<group>"; };
		82BFBE16207C35D600CEE443 /* String+Regex.swift */ = {isa = PBXFileReference; lastKnownFileType = sourcecode.swift; path = "String+Regex.swift"; sourceTree = "<group>"; };
		82BFBE18207C50B500CEE443 /* Constants.swift */ = {isa = PBXFileReference; lastKnownFileType = sourcecode.swift; path = Constants.swift; sourceTree = "<group>"; };
		DE0FC8AA30620B99A3F0B2D1 /* Pods_TV_TIMe.framework */ = {isa = PBXFileReference; explicitFileType = wrapper.framework; includeInIndex = 0; path = Pods_TV_TIMe.framework; sourceTree = BUILT_PRODUCTS_DIR; };
/* End PBXFileReference section */

/* Begin PBXFrameworksBuildPhase section */
		825194B32044F7C800B818F4 /* Frameworks */ = {
			isa = PBXFrameworksBuildPhase;
			buildActionMask = 2147483647;
			files = (
				21FFF4F40C116CB886F2265C /* Pods_TV_TIMe.framework in Frameworks */,
			);
			runOnlyForDeploymentPostprocessing = 0;
		};
/* End PBXFrameworksBuildPhase section */

/* Begin PBXGroup section */
		35A2DDEB440F7307E03331CC /* Pods */ = {
			isa = PBXGroup;
			children = (
				612A3CCEA0C2692EAF14FCBE /* Pods-TV TIMe.debug.xcconfig */,
				0C18C234C77255DE9A376232 /* Pods-TV TIMe.release.xcconfig */,
			);
			name = Pods;
			sourceTree = "<group>";
		};
		4019FB5C1BFBD438A3151FE3 /* Frameworks */ = {
			isa = PBXGroup;
			children = (
				DE0FC8AA30620B99A3F0B2D1 /* Pods_TV_TIMe.framework */,
			);
			name = Frameworks;
			sourceTree = "<group>";
		};
		825194AD2044F7C800B818F4 = {
			isa = PBXGroup;
			children = (
				825194B82044F7C800B818F4 /* TV TIMe */,
				825194B72044F7C800B818F4 /* Products */,
				35A2DDEB440F7307E03331CC /* Pods */,
				4019FB5C1BFBD438A3151FE3 /* Frameworks */,
			);
			sourceTree = "<group>";
		};
		825194B72044F7C800B818F4 /* Products */ = {
			isa = PBXGroup;
			children = (
				825194B62044F7C800B818F4 /* TV TIMe.app */,
			);
			name = Products;
			sourceTree = "<group>";
		};
		825194B82044F7C800B818F4 /* TV TIMe */ = {
			isa = PBXGroup;
			children = (
				825194CE2044F7F200B818F4 /* TVShow.swift */,
				82824BE5206D8CC0001330C7 /* cosSim.swift */,
				82BFBE16207C35D600CEE443 /* String+Regex.swift */,
				825194B92044F7C800B818F4 /* AppDelegate.swift */,
				825194BB2044F7C800B818F4 /* ViewController.swift */,
				82824BE12059DAA4001330C7 /* SearchResultsVC.swift */,
				82824BE3205C6F36001330C7 /* DetailViewVC.swift */,
				825194BD2044F7C800B818F4 /* Main.storyboard */,
				825194C32044F7C800B818F4 /* Assets.xcassets */,
				825194C52044F7C800B818F4 /* LaunchScreen.storyboard */,
				825194C82044F7C800B818F4 /* Info.plist */,
				825194C02044F7C800B818F4 /* TV_TIMe.xcdatamodeld */,
				82BFBE18207C50B500CEE443 /* Constants.swift */,
			);
			path = "TV TIMe";
			sourceTree = "<group>";
		};
/* End PBXGroup section */

/* Begin PBXNativeTarget section */
		825194B52044F7C800B818F4 /* TV TIMe */ = {
			isa = PBXNativeTarget;
			buildConfigurationList = 825194CB2044F7C800B818F4 /* Build configuration list for PBXNativeTarget "TV TIMe" */;
			buildPhases = (
				EFC6700F99AD4765D5F2F3CE /* [CP] Check Pods Manifest.lock */,
				825194B22044F7C800B818F4 /* Sources */,
				825194B32044F7C800B818F4 /* Frameworks */,
				825194B42044F7C800B818F4 /* Resources */,
				BEB8AE8FCBF62B9484824A5B /* [CP] Embed Pods Frameworks */,
				F1DEFC8DE77B26D1BB0F8E46 /* [CP] Copy Pods Resources */,
			);
			buildRules = (
			);
			dependencies = (
			);
			name = "TV TIMe";
			productName = "TV TIMe";
			productReference = 825194B62044F7C800B818F4 /* TV TIMe.app */;
			productType = "com.apple.product-type.application";
		};
/* End PBXNativeTarget section */

/* Begin PBXProject section */
		825194AE2044F7C800B818F4 /* Project object */ = {
			isa = PBXProject;
			attributes = {
				LastSwiftUpdateCheck = 0920;
				LastUpgradeCheck = 0920;
				ORGANIZATIONNAME = "Tim Beemsterboer";
				TargetAttributes = {
					825194B52044F7C800B818F4 = {
						CreatedOnToolsVersion = 9.2;
						ProvisioningStyle = Automatic;
					};
				};
			};
			buildConfigurationList = 825194B12044F7C800B818F4 /* Build configuration list for PBXProject "TV TIMe" */;
			compatibilityVersion = "Xcode 8.0";
			developmentRegion = en;
			hasScannedForEncodings = 0;
			knownRegions = (
				en,
				Base,
			);
			mainGroup = 825194AD2044F7C800B818F4;
			productRefGroup = 825194B72044F7C800B818F4 /* Products */;
			projectDirPath = "";
			projectRoot = "";
			targets = (
				825194B52044F7C800B818F4 /* TV TIMe */,
			);
		};
/* End PBXProject section */

/* Begin PBXResourcesBuildPhase section */
		825194B42044F7C800B818F4 /* Resources */ = {
			isa = PBXResourcesBuildPhase;
			buildActionMask = 2147483647;
			files = (
				825194C72044F7C800B818F4 /* LaunchScreen.storyboard in Resources */,
				825194C42044F7C800B818F4 /* Assets.xcassets in Resources */,
				825194BF2044F7C800B818F4 /* Main.storyboard in Resources */,
			);
			runOnlyForDeploymentPostprocessing = 0;
		};
/* End PBXResourcesBuildPhase section */

/* Begin PBXShellScriptBuildPhase section */
		BEB8AE8FCBF62B9484824A5B /* [CP] Embed Pods Frameworks */ = {
			isa = PBXShellScriptBuildPhase;
			buildActionMask = 2147483647;
			files = (
			);
			inputPaths = (
				"${SRCROOT}/Pods/Target Support Files/Pods-TV TIMe/Pods-TV TIMe-frameworks.sh",
				"${BUILT_PRODUCTS_DIR}/Alamofire/Alamofire.framework",
				"${BUILT_PRODUCTS_DIR}/SwiftyJSON/SwiftyJSON.framework",
			);
			name = "[CP] Embed Pods Frameworks";
			outputPaths = (
				"${TARGET_BUILD_DIR}/${FRAMEWORKS_FOLDER_PATH}/Alamofire.framework",
				"${TARGET_BUILD_DIR}/${FRAMEWORKS_FOLDER_PATH}/SwiftyJSON.framework",
			);
			runOnlyForDeploymentPostprocessing = 0;
			shellPath = /bin/sh;
			shellScript = "\"${SRCROOT}/Pods/Target Support Files/Pods-TV TIMe/Pods-TV TIMe-frameworks.sh\"\n";
			showEnvVarsInLog = 0;
		};
		EFC6700F99AD4765D5F2F3CE /* [CP] Check Pods Manifest.lock */ = {
			isa = PBXShellScriptBuildPhase;
			buildActionMask = 2147483647;
			files = (
			);
			inputPaths = (
				"${PODS_PODFILE_DIR_PATH}/Podfile.lock",
				"${PODS_ROOT}/Manifest.lock",
			);
			name = "[CP] Check Pods Manifest.lock";
			outputPaths = (
				"$(DERIVED_FILE_DIR)/Pods-TV TIMe-checkManifestLockResult.txt",
			);
			runOnlyForDeploymentPostprocessing = 0;
			shellPath = /bin/sh;
			shellScript = "diff \"${PODS_PODFILE_DIR_PATH}/Podfile.lock\" \"${PODS_ROOT}/Manifest.lock\" > /dev/null\nif [ $? != 0 ] ; then\n    # print error to STDERR\n    echo \"error: The sandbox is not in sync with the Podfile.lock. Run 'pod install' or update your CocoaPods installation.\" >&2\n    exit 1\nfi\n# This output is used by Xcode 'outputs' to avoid re-running this script phase.\necho \"SUCCESS\" > \"${SCRIPT_OUTPUT_FILE_0}\"\n";
			showEnvVarsInLog = 0;
		};
		F1DEFC8DE77B26D1BB0F8E46 /* [CP] Copy Pods Resources */ = {
			isa = PBXShellScriptBuildPhase;
			buildActionMask = 2147483647;
			files = (
			);
			inputPaths = (
			);
			name = "[CP] Copy Pods Resources";
			outputPaths = (
			);
			runOnlyForDeploymentPostprocessing = 0;
			shellPath = /bin/sh;
			shellScript = "\"${SRCROOT}/Pods/Target Support Files/Pods-TV TIMe/Pods-TV TIMe-resources.sh\"\n";
			showEnvVarsInLog = 0;
		};
/* End PBXShellScriptBuildPhase section */

/* Begin PBXSourcesBuildPhase section */
		825194B22044F7C800B818F4 /* Sources */ = {
			isa = PBXSourcesBuildPhase;
			buildActionMask = 2147483647;
			files = (
				825194BC2044F7C800B818F4 /* ViewController.swift in Sources */,
				825194BA2044F7C800B818F4 /* AppDelegate.swift in Sources */,
				82BFBE17207C35D600CEE443 /* String+Regex.swift in Sources */,
				82824BE22059DAA4001330C7 /* SearchResultsVC.swift in Sources */,
				82824BE6206D8CC0001330C7 /* cosSim.swift in Sources */,
				825194CF2044F7F200B818F4 /* TVShow.swift in Sources */,
				82824BE4205C6F36001330C7 /* DetailViewVC.swift in Sources */,
				825194C22044F7C800B818F4 /* TV_TIMe.xcdatamodeld in Sources */,
				82BFBE19207C50B500CEE443 /* Constants.swift in Sources */,
			);
			runOnlyForDeploymentPostprocessing = 0;
		};
/* End PBXSourcesBuildPhase section */

/* Begin PBXVariantGroup section */
		825194BD2044F7C800B818F4 /* Main.storyboard */ = {
			isa = PBXVariantGroup;
			children = (
				825194BE2044F7C800B818F4 /* Base */,
			);
			name = Main.storyboard;
			sourceTree = "<group>";
		};
		825194C52044F7C800B818F4 /* LaunchScreen.storyboard */ = {
			isa = PBXVariantGroup;
			children = (
				825194C62044F7C800B818F4 /* Base */,
			);
			name = LaunchScreen.storyboard;
			sourceTree = "<group>";
		};
/* End PBXVariantGroup section */

/* Begin XCBuildConfiguration section */
		825194C92044F7C800B818F4 /* Debug */ = {
			isa = XCBuildConfiguration;
			buildSettings = {
				ALWAYS_SEARCH_USER_PATHS = NO;
				CLANG_ANALYZER_NONNULL = YES;
				CLANG_ANALYZER_NUMBER_OBJECT_CONVERSION = YES_AGGRESSIVE;
				CLANG_CXX_LANGUAGE_STANDARD = "gnu++14";
				CLANG_CXX_LIBRARY = "libc++";
				CLANG_ENABLE_MODULES = YES;
				CLANG_ENABLE_OBJC_ARC = YES;
				CLANG_WARN_BLOCK_CAPTURE_AUTORELEASING = YES;
				CLANG_WARN_BOOL_CONVERSION = YES;
				CLANG_WARN_COMMA = YES;
				CLANG_WARN_CONSTANT_CONVERSION = YES;
				CLANG_WARN_DIRECT_OBJC_ISA_USAGE = YES_ERROR;
				CLANG_WARN_DOCUMENTATION_COMMENTS = YES;
				CLANG_WARN_EMPTY_BODY = YES;
				CLANG_WARN_ENUM_CONVERSION = YES;
				CLANG_WARN_INFINITE_RECURSION = YES;
				CLANG_WARN_INT_CONVERSION = YES;
				CLANG_WARN_NON_LITERAL_NULL_CONVERSION = YES;
				CLANG_WARN_OBJC_LITERAL_CONVERSION = YES;
				CLANG_WARN_OBJC_ROOT_CLASS = YES_ERROR;
				CLANG_WARN_RANGE_LOOP_ANALYSIS = YES;
				CLANG_WARN_STRICT_PROTOTYPES = YES;
				CLANG_WARN_SUSPICIOUS_MOVE = YES;
				CLANG_WARN_UNGUARDED_AVAILABILITY = YES_AGGRESSIVE;
				CLANG_WARN_UNREACHABLE_CODE = YES;
				CLANG_WARN__DUPLICATE_METHOD_MATCH = YES;
				CODE_SIGN_IDENTITY = "iPhone Developer";
				COPY_PHASE_STRIP = NO;
				DEBUG_INFORMATION_FORMAT = dwarf;
				ENABLE_STRICT_OBJC_MSGSEND = YES;
				ENABLE_TESTABILITY = YES;
				GCC_C_LANGUAGE_STANDARD = gnu11;
				GCC_DYNAMIC_NO_PIC = NO;
				GCC_NO_COMMON_BLOCKS = YES;
				GCC_OPTIMIZATION_LEVEL = 0;
				GCC_PREPROCESSOR_DEFINITIONS = (
					"DEBUG=1",
					"$(inherited)",
				);
				GCC_WARN_64_TO_32_BIT_CONVERSION = YES;
				GCC_WARN_ABOUT_RETURN_TYPE = YES_ERROR;
				GCC_WARN_UNDECLARED_SELECTOR = YES;
				GCC_WARN_UNINITIALIZED_AUTOS = YES_AGGRESSIVE;
				GCC_WARN_UNUSED_FUNCTION = YES;
				GCC_WARN_UNUSED_VARIABLE = YES;
				IPHONEOS_DEPLOYMENT_TARGET = 11.2;
				MTL_ENABLE_DEBUG_INFO = YES;
				ONLY_ACTIVE_ARCH = YES;
				SDKROOT = iphoneos;
				SWIFT_ACTIVE_COMPILATION_CONDITIONS = DEBUG;
				SWIFT_OPTIMIZATION_LEVEL = "-Onone";
			};
			name = Debug;
		};
		825194CA2044F7C800B818F4 /* Release */ = {
			isa = XCBuildConfiguration;
			buildSettings = {
				ALWAYS_SEARCH_USER_PATHS = NO;
				CLANG_ANALYZER_NONNULL = YES;
				CLANG_ANALYZER_NUMBER_OBJECT_CONVERSION = YES_AGGRESSIVE;
				CLANG_CXX_LANGUAGE_STANDARD = "gnu++14";
				CLANG_CXX_LIBRARY = "libc++";
				CLANG_ENABLE_MODULES = YES;
				CLANG_ENABLE_OBJC_ARC = YES;
				CLANG_WARN_BLOCK_CAPTURE_AUTORELEASING = YES;
				CLANG_WARN_BOOL_CONVERSION = YES;
				CLANG_WARN_COMMA = YES;
				CLANG_WARN_CONSTANT_CONVERSION = YES;
				CLANG_WARN_DIRECT_OBJC_ISA_USAGE = YES_ERROR;
				CLANG_WARN_DOCUMENTATION_COMMENTS = YES;
				CLANG_WARN_EMPTY_BODY = YES;
				CLANG_WARN_ENUM_CONVERSION = YES;
				CLANG_WARN_INFINITE_RECURSION = YES;
				CLANG_WARN_INT_CONVERSION = YES;
				CLANG_WARN_NON_LITERAL_NULL_CONVERSION = YES;
				CLANG_WARN_OBJC_LITERAL_CONVERSION = YES;
				CLANG_WARN_OBJC_ROOT_CLASS = YES_ERROR;
				CLANG_WARN_RANGE_LOOP_ANALYSIS = YES;
				CLANG_WARN_STRICT_PROTOTYPES = YES;
				CLANG_WARN_SUSPICIOUS_MOVE = YES;
				CLANG_WARN_UNGUARDED_AVAILABILITY = YES_AGGRESSIVE;
				CLANG_WARN_UNREACHABLE_CODE = YES;
				CLANG_WARN__DUPLICATE_METHOD_MATCH = YES;
				CODE_SIGN_IDENTITY = "iPhone Developer";
				COPY_PHASE_STRIP = NO;
				DEBUG_INFORMATION_FORMAT = "dwarf-with-dsym";
				ENABLE_NS_ASSERTIONS = NO;
				ENABLE_STRICT_OBJC_MSGSEND = YES;
				GCC_C_LANGUAGE_STANDARD = gnu11;
				GCC_NO_COMMON_BLOCKS = YES;
				GCC_WARN_64_TO_32_BIT_CONVERSION = YES;
				GCC_WARN_ABOUT_RETURN_TYPE = YES_ERROR;
				GCC_WARN_UNDECLARED_SELECTOR = YES;
				GCC_WARN_UNINITIALIZED_AUTOS = YES_AGGRESSIVE;
				GCC_WARN_UNUSED_FUNCTION = YES;
				GCC_WARN_UNUSED_VARIABLE = YES;
				IPHONEOS_DEPLOYMENT_TARGET = 11.2;
				MTL_ENABLE_DEBUG_INFO = NO;
				SDKROOT = iphoneos;
				SWIFT_OPTIMIZATION_LEVEL = "-Owholemodule";
				VALIDATE_PRODUCT = YES;
			};
			name = Release;
		};
		825194CC2044F7C800B818F4 /* Debug */ = {
			isa = XCBuildConfiguration;
			baseConfigurationReference = 612A3CCEA0C2692EAF14FCBE /* Pods-TV TIMe.debug.xcconfig */;
			buildSettings = {
				ASSETCATALOG_COMPILER_APPICON_NAME = AppIcon;
				CODE_SIGN_STYLE = Automatic;
				INFOPLIST_FILE = "TV TIMe/Info.plist";
				LD_RUNPATH_SEARCH_PATHS = "$(inherited) @executable_path/Frameworks";
				PRODUCT_BUNDLE_IDENTIFIER = "com.timBeem.TV-TIMe";
				PRODUCT_NAME = "$(TARGET_NAME)";
				SWIFT_VERSION = 4.0;
				TARGETED_DEVICE_FAMILY = "1,2";
			};
			name = Debug;
		};
		825194CD2044F7C800B818F4 /* Release */ = {
			isa = XCBuildConfiguration;
			baseConfigurationReference = 0C18C234C77255DE9A376232 /* Pods-TV TIMe.release.xcconfig */;
			buildSettings = {
				ASSETCATALOG_COMPILER_APPICON_NAME = AppIcon;
				CODE_SIGN_STYLE = Automatic;
				INFOPLIST_FILE = "TV TIMe/Info.plist";
				LD_RUNPATH_SEARCH_PATHS = "$(inherited) @executable_path/Frameworks";
				PRODUCT_BUNDLE_IDENTIFIER = "com.timBeem.TV-TIMe";
				PRODUCT_NAME = "$(TARGET_NAME)";
				SWIFT_VERSION = 4.0;
				TARGETED_DEVICE_FAMILY = "1,2";
			};
			name = Release;
		};
/* End XCBuildConfiguration section */

/* Begin XCConfigurationList section */
		825194B12044F7C800B818F4 /* Build configuration list for PBXProject "TV TIMe" */ = {
			isa = XCConfigurationList;
			buildConfigurations = (
				825194C92044F7C800B818F4 /* Debug */,
				825194CA2044F7C800B818F4 /* Release */,
			);
			defaultConfigurationIsVisible = 0;
			defaultConfigurationName = Release;
		};
		825194CB2044F7C800B818F4 /* Build configuration list for PBXNativeTarget "TV TIMe" */ = {
			isa = XCConfigurationList;
			buildConfigurations = (
				825194CC2044F7C800B818F4 /* Debug */,
				825194CD2044F7C800B818F4 /* Release */,
			);
			defaultConfigurationIsVisible = 0;
			defaultConfigurationName = Release;
		};
/* End XCConfigurationList section */

/* Begin XCVersionGroup section */
		825194C02044F7C800B818F4 /* TV_TIMe.xcdatamodeld */ = {
			isa = XCVersionGroup;
			children = (
				825194C12044F7C800B818F4 /* TV_TIMe.xcdatamodel */,
			);
			currentVersion = 825194C12044F7C800B818F4 /* TV_TIMe.xcdatamodel */;
			path = TV_TIMe.xcdatamodeld;
			sourceTree = "<group>";
			versionGroupType = wrapper.xcdatamodel;
		};
/* End XCVersionGroup section */
	};
	rootObject = 825194AE2044F7C800B818F4 /* Project object */;
}
